<?xml version="1.0" encoding="utf-8"?>
<Project ToolsVersion="4.0" xmlns="http://schemas.microsoft.com/developer/msbuild/2003">
  <ItemGroup>
    <Filter Include="Source Files">
      <UniqueIdentifier>{4FC737F1-C7A5-4376-A066-2A32D752A2FF}</UniqueIdentifier>
      <Extensions>cpp;c;cc;cxx;def;odl;idl;hpj;bat;asm;asmx</Extensions>
    </Filter>
    <Filter Include="Header Files">
      <UniqueIdentifier>{93995380-89BD-4b04-88EB-625FBE52EBFB}</UniqueIdentifier>
      <Extensions>h;hpp;hxx;hm;inl;inc;xsd</Extensions>
    </Filter>
    <Filter Include="Resource Files">
      <UniqueIdentifier>{67DA6AB6-F800-4c08-8B7A-83BB121AAD01}</UniqueIdentifier>
      <Extensions>rc;ico;cur;bmp;dlg;rc2;rct;bin;rgs;gif;jpg;jpeg;jpe;resx;tiff;tif;png;wav;mfcribbon-ms</Extensions>
    </Filter>
    <Filter Include="Header Files\level">
      <UniqueIdentifier>{86abaf8a-c2ae-4834-b87b-cffb1887e1c8}</UniqueIdentifier>
    </Filter>
    <Filter Include="Header Files\graphics">
      <UniqueIdentifier>{804952a7-3949-4d2d-9a89-0a9906bfcde7}</UniqueIdentifier>
    </Filter>
    <Filter Include="Source Files\level">
      <UniqueIdentifier>{d8773b48-5ec2-4c42-96e7-008af07f3876}</UniqueIdentifier>
    </Filter>
    <Filter Include="Source Files\graphics">
      <UniqueIdentifier>{f24adff8-fad7-426b-9d12-c44df8138e01}</UniqueIdentifier>
    </Filter>
    <Filter Include="Header Files\containers">
      <UniqueIdentifier>{b8a5bb50-4306-44ff-9919-37ea9361edbf}</UniqueIdentifier>
    </Filter>
  </ItemGroup>
  <ItemGroup>
    <None Include="shaders.hlsl" />
    <None Include="shader-error.txt" />
    <None Include="small.ico">
      <Filter>Resource Files</Filter>
    </None>
    <None Include="Quasar.ico">
      <Filter>Resource Files</Filter>
    </None>
  </ItemGroup>
  <ItemGroup>
    <ClInclude Include="targetver.h">
      <Filter>Header Files</Filter>
    </ClInclude>
    <ClInclude Include="Source\camera.h">
      <Filter>Header Files</Filter>
    </ClInclude>
    <ClInclude Include="Source\input.h">
      <Filter>Header Files</Filter>
    </ClInclude>
    <ClInclude Include="Source\system.h">
      <Filter>Header Files</Filter>
    </ClInclude>
    <ClInclude Include="resource.h">
      <Filter>Header Files</Filter>
    </ClInclude>
    <ClInclude Include="stdafx.h">
      <Filter>Header Files</Filter>
    </ClInclude>
    <ClInclude Include="Source\graphics\direct3d.h">
      <Filter>Header Files\graphics</Filter>
    </ClInclude>
    <ClInclude Include="Source\graphics\graphics.h">
      <Filter>Header Files\graphics</Filter>
    </ClInclude>
    <ClInclude Include="Source\graphics\model.h">
      <Filter>Header Files\graphics</Filter>
    </ClInclude>
    <ClInclude Include="Source\graphics\shader.h">
      <Filter>Header Files\graphics</Filter>
    </ClInclude>
    <ClInclude Include="Source\level\chunk.h">
      <Filter>Header Files\level</Filter>
    </ClInclude>
    <ClInclude Include="Source\level\planet.h">
      <Filter>Header Files\level</Filter>
    </ClInclude>
    <ClInclude Include="Source\containers\arraystack.h">
      <Filter>Header Files\containers</Filter>
    </ClInclude>
    <ClInclude Include="Source\containers\binarytree.h">
      <Filter>Header Files\containers</Filter>
    </ClInclude>
    <ClInclude Include="Source\containers\linkedstack.h">
      <Filter>Header Files\containers</Filter>
    </ClInclude>
    <ClInclude Include="Source\containers\list.h">
      <Filter>Header Files\containers</Filter>
    </ClInclude>
    <ClInclude Include="Source\containers\queue.h">
      <Filter>Header Files\containers</Filter>
    </ClInclude>
    <ClInclude Include="Source\containers\skiplist.h">
      <Filter>Header Files\containers</Filter>
    </ClInclude>
    <ClInclude Include="Source\math2.h">
      <Filter>Header Files</Filter>
    </ClInclude>
  </ItemGroup>
  <ItemGroup>
    <ClCompile Include="Source\camera.cpp">
      <Filter>Source Files</Filter>
    </ClCompile>
    <ClCompile Include="Source\input.cpp">
      <Filter>Source Files</Filter>
    </ClCompile>
    <ClCompile Include="Source\system.cpp">
      <Filter>Source Files</Filter>
    </ClCompile>
    <ClCompile Include="Source\winmain.cpp">
      <Filter>Source Files</Filter>
    </ClCompile>
    <ClCompile Include="stdafx.cpp">
      <Filter>Source Files</Filter>
    </ClCompile>
    <ClCompile Include="Source\graphics\modelfactory.cpp">
      <Filter>Source Files\graphics</Filter>
    </ClCompile>
    <ClCompile Include="Source\graphics\shader.cpp">
      <Filter>Source Files\graphics</Filter>
    </ClCompile>
    <ClCompile Include="Source\graphics\model.cpp">
      <Filter>Source Files\graphics</Filter>
    </ClCompile>
    <ClCompile Include="Source\graphics\graphics.cpp">
      <Filter>Source Files\graphics</Filter>
    </ClCompile>
    <ClCompile Include="Source\graphics\direct3d.cpp">
      <Filter>Source Files\graphics</Filter>
    </ClCompile>
    <ClCompile Include="Source\level\chunk.cpp">
      <Filter>Source Files\level</Filter>
    </ClCompile>
    <ClCompile Include="Source\level\planet.cpp">
      <Filter>Source Files\level</Filter>
    </ClCompile>
  </ItemGroup>
  <ItemGroup>
    <ResourceCompile Include="Quasar.rc">
      <Filter>Resource Files</Filter>
    </ResourceCompile>
  </ItemGroup>
</Project>